
Microsoft Visual Studio Solution File, Format Version 12.00
# Visual Studio Version 16
VisualStudioVersion = 16.0.30320.27
MinimumVisualStudioVersion = 10.0.40219.1
Project("{FAE04EC0-301F-11D3-BF4B-00C04F79EFBC}") = "HistorianService", "HistorianService\HistorianService.csproj", "{52C2EE12-895A-4FCC-A1C2-8C6B1005C947}"
EndProject
Project("{FAE04EC0-301F-11D3-BF4B-00C04F79EFBC}") = "OPCDataAccess", "OPCDataAccess\OPCDataAccess.csproj", "{73D13A28-6BD4-4E4A-A57E-BB58822386BD}"
EndProject
Project("{FAE04EC0-301F-11D3-BF4B-00C04F79EFBC}") = "OpcHistorianApp", "OpcHistorianApp\OpcHistorianApp.csproj", "{CC5791CA-9A52-49EF-83E8-F61827786F97}"
EndProject
Project("{FAE04EC0-301F-11D3-BF4B-00C04F79EFBC}") = "DataLogger", "DataLogger\DataLogger.csproj", "{C5E61E7F-77BB-4F27-981E-5684A756F678}"
EndProject
Project("{FAE04EC0-301F-11D3-BF4B-00C04F79EFBC}") = "AutoLoggingConsole", "AutoLoggingConsole\AutoLoggingConsole.csproj", "{1201CCB9-38C7-4807-A72F-DD393FB7E2C2}"
EndProject
Global
	GlobalSection(SolutionConfigurationPlatforms) = preSolution
		Debug|Any CPU = Debug|Any CPU
		Debug|x86 = Debug|x86
		Release|Any CPU = Release|Any CPU
		Release|x86 = Release|x86
	EndGlobalSection
	GlobalSection(ProjectConfigurationPlatforms) = postSolution
		{52C2EE12-895A-4FCC-A1C2-8C6B1005C947}.Debug|Any CPU.ActiveCfg = Debug|Any CPU
		{52C2EE12-895A-4FCC-A1C2-8C6B1005C947}.Debug|Any CPU.Build.0 = Debug|Any CPU
		{52C2EE12-895A-4FCC-A1C2-8C6B1005C947}.Debug|x86.ActiveCfg = Debug|x86
		{52C2EE12-895A-4FCC-A1C2-8C6B1005C947}.Debug|x86.Build.0 = Debug|x86
		{52C2EE12-895A-4FCC-A1C2-8C6B1005C947}.Release|Any CPU.ActiveCfg = Release|Any CPU
		{52C2EE12-895A-4FCC-A1C2-8C6B1005C947}.Release|Any CPU.Build.0 = Release|Any CPU
		{52C2EE12-895A-4FCC-A1C2-8C6B1005C947}.Release|x86.ActiveCfg = Release|x86
		{52C2EE12-895A-4FCC-A1C2-8C6B1005C947}.Release|x86.Build.0 = Release|x86
		{73D13A28-6BD4-4E4A-A57E-BB58822386BD}.Debug|Any CPU.ActiveCfg = Debug|Any CPU
		{73D13A28-6BD4-4E4A-A57E-BB58822386BD}.Debug|Any CPU.Build.0 = Debug|Any CPU
		{73D13A28-6BD4-4E4A-A57E-BB58822386BD}.Debug|x86.ActiveCfg = Debug|x86
		{73D13A28-6BD4-4E4A-A57E-BB58822386BD}.Debug|x86.Build.0 = Debug|x86
		{73D13A28-6BD4-4E4A-A57E-BB58822386BD}.Release|Any CPU.ActiveCfg = Release|Any CPU
		{73D13A28-6BD4-4E4A-A57E-BB58822386BD}.Release|Any CPU.Build.0 = Release|Any CPU
		{73D13A28-6BD4-4E4A-A57E-BB58822386BD}.Release|x86.ActiveCfg = Release|Any CPU
		{73D13A28-6BD4-4E4A-A57E-BB58822386BD}.Release|x86.Build.0 = Release|Any CPU
		{CC5791CA-9A52-49EF-83E8-F61827786F97}.Debug|Any CPU.ActiveCfg = Debug|Any CPU
		{CC5791CA-9A52-49EF-83E8-F61827786F97}.Debug|Any CPU.Build.0 = Debug|Any CPU
		{CC5791CA-9A52-49EF-83E8-F61827786F97}.Debug|x86.ActiveCfg = Debug|x86
		{CC5791CA-9A52-49EF-83E8-F61827786F97}.Debug|x86.Build.0 = Debug|x86
		{CC5791CA-9A52-49EF-83E8-F61827786F97}.Release|Any CPU.ActiveCfg = Release|Any CPU
		{CC5791CA-9A52-49EF-83E8-F61827786F97}.Release|Any CPU.Build.0 = Release|Any CPU
		{CC5791CA-9A52-49EF-83E8-F61827786F97}.Release|x86.ActiveCfg = Release|Any CPU
		{CC5791CA-9A52-49EF-83E8-F61827786F97}.Release|x86.Build.0 = Release|Any CPU
		{C5E61E7F-77BB-4F27-981E-5684A756F678}.Debug|Any CPU.ActiveCfg = Debug|Any CPU
		{C5E61E7F-77BB-4F27-981E-5684A756F678}.Debug|Any CPU.Build.0 = Debug|Any CPU
		{C5E61E7F-77BB-4F27-981E-5684A756F678}.Debug|x86.ActiveCfg = Debug|x86
		{C5E61E7F-77BB-4F27-981E-5684A756F678}.Debug|x86.Build.0 = Debug|x86
		{C5E61E7F-77BB-4F27-981E-5684A756F678}.Release|Any CPU.ActiveCfg = Release|Any CPU
		{C5E61E7F-77BB-4F27-981E-5684A756F678}.Release|Any CPU.Build.0 = Release|Any CPU
		{C5E61E7F-77BB-4F27-981E-5684A756F678}.Release|x86.ActiveCfg = Release|Any CPU
		{C5E61E7F-77BB-4F27-981E-5684A756F678}.Release|x86.Build.0 = Release|Any CPU
		{1201CCB9-38C7-4807-A72F-DD393FB7E2C2}.Debug|Any CPU.ActiveCfg = Debug|Any CPU
		{1201CCB9-38C7-4807-A72F-DD393FB7E2C2}.Debug|Any CPU.Build.0 = Debug|Any CPU
		{1201CCB9-38C7-4807-A72F-DD393FB7E2C2}.Debug|x86.ActiveCfg = Debug|x86
		{1201CCB9-38C7-4807-A72F-DD393FB7E2C2}.Debug|x86.Build.0 = Debug|x86
		{1201CCB9-38C7-4807-A72F-DD393FB7E2C2}.Release|Any CPU.ActiveCfg = Release|Any CPU
		{1201CCB9-38C7-4807-A72F-DD393FB7E2C2}.Release|Any CPU.Build.0 = Release|Any CPU
		{1201CCB9-38C7-4807-A72F-DD393FB7E2C2}.Release|x86.ActiveCfg = Release|Any CPU
		{1201CCB9-38C7-4807-A72F-DD393FB7E2C2}.Release|x86.Build.0 = Release|Any CPU
	EndGlobalSection
	GlobalSection(SolutionProperties) = preSolution
		HideSolutionNode = FALSE
	EndGlobalSection
	GlobalSection(ExtensibilityGlobals) = postSolution
		SolutionGuid = {4D48A644-0E5E-480E-BC28-04C3F4F1BF13}
	EndGlobalSection
EndGlobal
